<?xml version="1.0" encoding="utf-8"?>
<Project ToolsVersion="4.0" xmlns="http://schemas.microsoft.com/developer/msbuild/2003">
  <ItemGroup>
    <Filter Include="Aetherion">
      <UniqueIdentifier>{043D0E97-70A7-C20D-B9E5-73B3258FA062}</UniqueIdentifier>
    </Filter>
    <Filter Include="Aetherion\Events">
      <UniqueIdentifier>{689C8487-5495-A3D9-7DC7-885E691F83E5}</UniqueIdentifier>
    </Filter>
  </ItemGroup>
  <ItemGroup>
    <ClInclude Include="src\Aetherion.h" />
    <ClInclude Include="src\Aetherion\Application.h">
      <Filter>Aetherion</Filter>
    </ClInclude>
    <ClInclude Include="src\Aetherion\Core.h">
      <Filter>Aetherion</Filter>
    </ClInclude>
    <ClInclude Include="src\Aetherion\EntryPoint.h">
      <Filter>Aetherion</Filter>
    </ClInclude>
    <ClInclude Include="src\Aetherion\Events\ApplicationEvent.h">
      <Filter>Aetherion\Events</Filter>
    </ClInclude>
    <ClInclude Include="src\Aetherion\Events\Event.h">
      <Filter>Aetherion\Events</Filter>
    </ClInclude>
    <ClInclude Include="src\Aetherion\Events\KeyEvent.h">
      <Filter>Aetherion\Events</Filter>
    </ClInclude>
    <ClInclude Include="src\Aetherion\Events\MouseEvent.h">
      <Filter>Aetherion\Events</Filter>
    </ClInclude>
    <ClInclude Include="src\Aetherion\Log.h">
      <Filter>Aetherion</Filter>
    </ClInclude>
    <ClInclude Include="src\athpch.h" />
    <ClInclude Include="src\Aetherion\Window.h" />
    <ClInclude Include="src\Platform\Windows\WindowsWindow.h" />
  </ItemGroup>
  <ItemGroup>
    <ClCompile Include="src\Aetherion\Application.cpp">
      <Filter>Aetherion</Filter>
    </ClCompile>
    <ClCompile Include="src\Aetherion\Log.cpp">
      <Filter>Aetherion</Filter>
    </ClCompile>
    <ClCompile Include="src\athpch.cpp" />
    <ClCompile Include="src\Platform\Windows\WindowsWindow.cpp" />
  </ItemGroup>
</Project>